Microsoft Visual Studio Solution File, Format Version 11.00
# Visual Studio 2010
Project("{8BC9CEB8-8B4A-11D0-8D11-00A0C91BC942}") = "AirDC", "StrongDC.vcxproj", "{E82610AA-B6FD-4813-B5B9-E717CBD0F23B}"
	ProjectSection(ProjectDependencies) = postProject
		{51015502-C27C-43CF-9FA4-12AB9DB5D36E} = {51015502-C27C-43CF-9FA4-12AB9DB5D36E}
		{6BD1D0B7-EC0C-4473-533B-5EC961138415} = {6BD1D0B7-EC0C-4473-533B-5EC961138415}
	EndProjectSection
EndProject
Project("{8BC9CEB8-8B4A-11D0-8D11-00A0C91BC942}") = "bzip2", "bzip2.vcxproj", "{8B162F1B-5D6C-41C1-8A80-858B379DE07D}"
EndProject
Project("{8BC9CEB8-8B4A-11D0-8D11-00A0C91BC942}") = "client", "client.vcxproj", "{F8D0E5FE-BABD-4FC8-B3FE-B48978D23FEB}"
	ProjectSection(ProjectDependencies) = postProject
		{51015502-C27C-43CF-9FA4-12AB9DB5D36E} = {51015502-C27C-43CF-9FA4-12AB9DB5D36E}
		{40440579-27AF-4E34-8374-CA64B340F1D9} = {40440579-27AF-4E34-8374-CA64B340F1D9}
		{D1095E8A-63A5-4592-AE93-2D638F20F66A} = {D1095E8A-63A5-4592-AE93-2D638F20F66A}
	EndProjectSection
EndProject
Project("{8BC9CEB8-8B4A-11D0-8D11-00A0C91BC942}") = "zlib", "zlib.vcxproj", "{DFBBE42A-45F4-4188-89C2-17F5DFE50673}"
EndProject
Project("{8BC9CEB8-8B4A-11D0-8D11-00A0C91BC942}") = "MakeDefs", "MakeDefs\MakeDefs.vcxproj", "{AEF82786-9DA2-4CDF-8602-02643CAFC727}"
	ProjectSection(ProjectDependencies) = postProject
		{D1095E8A-63A5-4592-AE93-2D638F20F66A} = {D1095E8A-63A5-4592-AE93-2D638F20F66A}
	EndProjectSection
EndProject
Project("{8BC9CEB8-8B4A-11D0-8D11-00A0C91BC942}") = "regex", "regex.vcxproj", "{6B5E1154-D1FC-460A-B5F4-78ACB1E96349}"
EndProject
Project("{8BC9CEB8-8B4A-11D0-8D11-00A0C91BC942}") = "miniupnpc", "miniupnpc\miniupnpc.vcxproj", "{51015502-C27C-43CF-9FA4-12AB9DB5D36E}"
EndProject
Project("{8BC9CEB8-8B4A-11D0-8D11-00A0C91BC942}") = "natpmp", "natpmp\natpmp.vcxproj", "{6BD1D0B7-EC0C-4473-533B-5EC961138415}"
EndProject
Project("{8BC9CEB8-8B4A-11D0-8D11-00A0C91BC942}") = "geoip", "geoip\geoip.vcxproj", "{40440579-27AF-4E34-8374-CA64B340F1D9}"
EndProject
Project("{8BC9CEB8-8B4A-11D0-8D11-00A0C91BC942}") = "boost", "boost\boost.vcxproj", "{D1095E8A-63A5-4592-AE93-2D638F20F66A}"
EndProject
Global
	GlobalSection(SolutionConfigurationPlatforms) = preSolution
		Debug|Win32 = Debug|Win32
		Debug|x64 = Debug|x64
		Release|Win32 = Release|Win32
		Release|x64 = Release|x64
	EndGlobalSection
	GlobalSection(ProjectConfigurationPlatforms) = postSolution
		{E82610AA-B6FD-4813-B5B9-E717CBD0F23B}.Debug|Win32.ActiveCfg = Debug|Win32
		{E82610AA-B6FD-4813-B5B9-E717CBD0F23B}.Debug|Win32.Build.0 = Debug|Win32
		{E82610AA-B6FD-4813-B5B9-E717CBD0F23B}.Debug|x64.ActiveCfg = Debug|x64
		{E82610AA-B6FD-4813-B5B9-E717CBD0F23B}.Debug|x64.Build.0 = Debug|x64
		{E82610AA-B6FD-4813-B5B9-E717CBD0F23B}.Release|Win32.ActiveCfg = Release|Win32
		{E82610AA-B6FD-4813-B5B9-E717CBD0F23B}.Release|Win32.Build.0 = Release|Win32
		{E82610AA-B6FD-4813-B5B9-E717CBD0F23B}.Release|x64.ActiveCfg = Release|x64
		{E82610AA-B6FD-4813-B5B9-E717CBD0F23B}.Release|x64.Build.0 = Release|x64
		{8B162F1B-5D6C-41C1-8A80-858B379DE07D}.Debug|Win32.ActiveCfg = Debug|Win32
		{8B162F1B-5D6C-41C1-8A80-858B379DE07D}.Debug|Win32.Build.0 = Debug|Win32
		{8B162F1B-5D6C-41C1-8A80-858B379DE07D}.Debug|x64.ActiveCfg = Debug|x64
		{8B162F1B-5D6C-41C1-8A80-858B379DE07D}.Debug|x64.Build.0 = Debug|x64
		{8B162F1B-5D6C-41C1-8A80-858B379DE07D}.Release|Win32.ActiveCfg = Release|Win32
		{8B162F1B-5D6C-41C1-8A80-858B379DE07D}.Release|Win32.Build.0 = Release|Win32
		{8B162F1B-5D6C-41C1-8A80-858B379DE07D}.Release|x64.ActiveCfg = Release|x64
		{8B162F1B-5D6C-41C1-8A80-858B379DE07D}.Release|x64.Build.0 = Release|x64
		{F8D0E5FE-BABD-4FC8-B3FE-B48978D23FEB}.Debug|Win32.ActiveCfg = Debug|Win32
		{F8D0E5FE-BABD-4FC8-B3FE-B48978D23FEB}.Debug|Win32.Build.0 = Debug|Win32
		{F8D0E5FE-BABD-4FC8-B3FE-B48978D23FEB}.Debug|x64.ActiveCfg = Debug|x64
		{F8D0E5FE-BABD-4FC8-B3FE-B48978D23FEB}.Debug|x64.Build.0 = Debug|x64
		{F8D0E5FE-BABD-4FC8-B3FE-B48978D23FEB}.Release|Win32.ActiveCfg = Release|Win32
		{F8D0E5FE-BABD-4FC8-B3FE-B48978D23FEB}.Release|Win32.Build.0 = Release|Win32
		{F8D0E5FE-BABD-4FC8-B3FE-B48978D23FEB}.Release|x64.ActiveCfg = Release|x64
		{F8D0E5FE-BABD-4FC8-B3FE-B48978D23FEB}.Release|x64.Build.0 = Release|x64
		{DFBBE42A-45F4-4188-89C2-17F5DFE50673}.Debug|Win32.ActiveCfg = Debug|Win32
		{DFBBE42A-45F4-4188-89C2-17F5DFE50673}.Debug|Win32.Build.0 = Debug|Win32
		{DFBBE42A-45F4-4188-89C2-17F5DFE50673}.Debug|x64.ActiveCfg = Debug|x64
		{DFBBE42A-45F4-4188-89C2-17F5DFE50673}.Debug|x64.Build.0 = Debug|x64
		{DFBBE42A-45F4-4188-89C2-17F5DFE50673}.Release|Win32.ActiveCfg = Release|Win32
		{DFBBE42A-45F4-4188-89C2-17F5DFE50673}.Release|Win32.Build.0 = Release|Win32
		{DFBBE42A-45F4-4188-89C2-17F5DFE50673}.Release|x64.ActiveCfg = Release|x64
		{DFBBE42A-45F4-4188-89C2-17F5DFE50673}.Release|x64.Build.0 = Release|x64
		{AEF82786-9DA2-4CDF-8602-02643CAFC727}.Debug|Win32.ActiveCfg = Debug|Win32
		{AEF82786-9DA2-4CDF-8602-02643CAFC727}.Debug|Win32.Build.0 = Debug|Win32
		{AEF82786-9DA2-4CDF-8602-02643CAFC727}.Debug|x64.ActiveCfg = Debug|x64
		{AEF82786-9DA2-4CDF-8602-02643CAFC727}.Debug|x64.Build.0 = Debug|x64
		{AEF82786-9DA2-4CDF-8602-02643CAFC727}.Release|Win32.ActiveCfg = Release|Win32
		{AEF82786-9DA2-4CDF-8602-02643CAFC727}.Release|Win32.Build.0 = Release|Win32
		{AEF82786-9DA2-4CDF-8602-02643CAFC727}.Release|x64.ActiveCfg = Release|x64
		{AEF82786-9DA2-4CDF-8602-02643CAFC727}.Release|x64.Build.0 = Release|x64
		{6B5E1154-D1FC-460A-B5F4-78ACB1E96349}.Debug|Win32.ActiveCfg = Debug|Win32
		{6B5E1154-D1FC-460A-B5F4-78ACB1E96349}.Debug|Win32.Build.0 = Debug|Win32
		{6B5E1154-D1FC-460A-B5F4-78ACB1E96349}.Debug|x64.ActiveCfg = Debug|x64
		{6B5E1154-D1FC-460A-B5F4-78ACB1E96349}.Debug|x64.Build.0 = Debug|x64
		{6B5E1154-D1FC-460A-B5F4-78ACB1E96349}.Release|Win32.ActiveCfg = Release|Win32
		{6B5E1154-D1FC-460A-B5F4-78ACB1E96349}.Release|Win32.Build.0 = Release|Win32
		{6B5E1154-D1FC-460A-B5F4-78ACB1E96349}.Release|x64.ActiveCfg = Release|x64
		{6B5E1154-D1FC-460A-B5F4-78ACB1E96349}.Release|x64.Build.0 = Release|x64
		{51015502-C27C-43CF-9FA4-12AB9DB5D36E}.Debug|Win32.ActiveCfg = Debug|Win32
		{51015502-C27C-43CF-9FA4-12AB9DB5D36E}.Debug|Win32.Build.0 = Debug|Win32
		{51015502-C27C-43CF-9FA4-12AB9DB5D36E}.Debug|x64.ActiveCfg = Debug|x64
		{51015502-C27C-43CF-9FA4-12AB9DB5D36E}.Debug|x64.Build.0 = Debug|x64
		{51015502-C27C-43CF-9FA4-12AB9DB5D36E}.Release|Win32.ActiveCfg = Release|Win32
		{51015502-C27C-43CF-9FA4-12AB9DB5D36E}.Release|Win32.Build.0 = Release|Win32
		{51015502-C27C-43CF-9FA4-12AB9DB5D36E}.Release|x64.ActiveCfg = Release|x64
		{51015502-C27C-43CF-9FA4-12AB9DB5D36E}.Release|x64.Build.0 = Release|x64
		{6BD1D0B7-EC0C-4473-533B-5EC961138415}.Debug|Win32.ActiveCfg = Debug|Win32
		{6BD1D0B7-EC0C-4473-533B-5EC961138415}.Debug|Win32.Build.0 = Debug|Win32
		{6BD1D0B7-EC0C-4473-533B-5EC961138415}.Debug|x64.ActiveCfg = Debug|x64
		{6BD1D0B7-EC0C-4473-533B-5EC961138415}.Debug|x64.Build.0 = Debug|x64
		{6BD1D0B7-EC0C-4473-533B-5EC961138415}.Release|Win32.ActiveCfg = Release|Win32
		{6BD1D0B7-EC0C-4473-533B-5EC961138415}.Release|Win32.Build.0 = Release|Win32
		{6BD1D0B7-EC0C-4473-533B-5EC961138415}.Release|x64.ActiveCfg = Release|x64
		{6BD1D0B7-EC0C-4473-533B-5EC961138415}.Release|x64.Build.0 = Release|x64
		{40440579-27AF-4E34-8374-CA64B340F1D9}.Debug|Win32.ActiveCfg = Debug|Win32
		{40440579-27AF-4E34-8374-CA64B340F1D9}.Debug|Win32.Build.0 = Debug|Win32
		{40440579-27AF-4E34-8374-CA64B340F1D9}.Debug|x64.ActiveCfg = Debug|x64
		{40440579-27AF-4E34-8374-CA64B340F1D9}.Debug|x64.Build.0 = Debug|x64
		{40440579-27AF-4E34-8374-CA64B340F1D9}.Release|Win32.ActiveCfg = Release|Win32
		{40440579-27AF-4E34-8374-CA64B340F1D9}.Release|Win32.Build.0 = Release|Win32
		{40440579-27AF-4E34-8374-CA64B340F1D9}.Release|x64.ActiveCfg = Release|x64
		{40440579-27AF-4E34-8374-CA64B340F1D9}.Release|x64.Build.0 = Release|x64
		{D1095E8A-63A5-4592-AE93-2D638F20F66A}.Debug|Win32.ActiveCfg = Debug|Win32
		{D1095E8A-63A5-4592-AE93-2D638F20F66A}.Debug|Win32.Build.0 = Debug|Win32
		{D1095E8A-63A5-4592-AE93-2D638F20F66A}.Debug|x64.ActiveCfg = Debug|x64
		{D1095E8A-63A5-4592-AE93-2D638F20F66A}.Debug|x64.Build.0 = Debug|x64
		{D1095E8A-63A5-4592-AE93-2D638F20F66A}.Release|Win32.ActiveCfg = Release|Win32
		{D1095E8A-63A5-4592-AE93-2D638F20F66A}.Release|Win32.Build.0 = Release|Win32
		{D1095E8A-63A5-4592-AE93-2D638F20F66A}.Release|x64.ActiveCfg = Release|x64
		{D1095E8A-63A5-4592-AE93-2D638F20F66A}.Release|x64.Build.0 = Release|x64
	EndGlobalSection
	GlobalSection(SolutionProperties) = preSolution
		HideSolutionNode = FALSE
	EndGlobalSection
EndGlobal
