<?xml version="1.0" encoding="utf-8"?>
<Project ToolsVersion="4.0" xmlns="http://schemas.microsoft.com/developer/msbuild/2003">
  <ItemGroup>
    <Filter Include="Source Files">
      <UniqueIdentifier>{7e306c33-cc3e-441e-9aaf-c50934254565}</UniqueIdentifier>
      <Extensions>cpp;c;cxx;rc;def;r;odl;idl;hpj;bat</Extensions>
    </Filter>
    <Filter Include="Header Files">
      <UniqueIdentifier>{8d0c83ae-d56b-4d47-8c36-844234ace75f}</UniqueIdentifier>
      <Extensions>h;hpp;hxx;hm;inl</Extensions>
    </Filter>
  </ItemGroup>
  <ItemGroup>
    <ClCompile Include="bzip2\blocksort.c">
      <Filter>Source Files</Filter>
    </ClCompile>
    <ClCompile Include="bzip2\bzlib.c">
      <Filter>Source Files</Filter>
    </ClCompile>
    <ClCompile Include="bzip2\compress.c">
      <Filter>Source Files</Filter>
    </ClCompile>
    <ClCompile Include="bzip2\crctable.c">
      <Filter>Source Files</Filter>
    </ClCompile>
    <ClCompile Include="bzip2\decompress.c">
      <Filter>Source Files</Filter>
    </ClCompile>
    <ClCompile Include="bzip2\huffman.c">
      <Filter>Source Files</Filter>
    </ClCompile>
    <ClCompile Include="bzip2\randtable.c">
      <Filter>Source Files</Filter>
    </ClCompile>
  </ItemGroup>
  <ItemGroup>
    <ClInclude Include="bzip2\bzlib.h">
      <Filter>Header Files</Filter>
    </ClInclude>
    <ClInclude Include="bzip2\bzlib_private.h">
      <Filter>Header Files</Filter>
    </ClInclude>
  </ItemGroup>
</Project>