<?xml version="1.0" encoding="utf-8"?>
<Project ToolsVersion="4.0" xmlns="http://schemas.microsoft.com/developer/msbuild/2003">
  <ItemGroup>
    <Filter Include="Source Files">
      <UniqueIdentifier>{1a8416af-1321-462c-aea6-1547f6f7ddb4}</UniqueIdentifier>
      <Extensions>cpp;c;cxx;rc;def;r;odl;idl;hpj;bat</Extensions>
    </Filter>
    <Filter Include="Header Files">
      <UniqueIdentifier>{f99f14c5-0c4b-4660-86f4-9495d819089b}</UniqueIdentifier>
      <Extensions>h;hpp;hxx;hm;inl</Extensions>
    </Filter>
  </ItemGroup>
  <ItemGroup>
    <ClCompile Include="client\AdcCommand.cpp">
      <Filter>Source Files</Filter>
    </ClCompile>
    <ClCompile Include="client\AdcHub.cpp">
      <Filter>Source Files</Filter>
    </ClCompile>
    <ClCompile Include="client\ADLSearch.cpp">
      <Filter>Source Files</Filter>
    </ClCompile>
    <ClCompile Include="client\AutoSearchManager.cpp">
      <Filter>Source Files</Filter>
    </ClCompile>
    <ClCompile Include="client\BufferedSocket.cpp">
      <Filter>Source Files</Filter>
    </ClCompile>
    <ClCompile Include="client\BZUtils.cpp">
      <Filter>Source Files</Filter>
    </ClCompile>
    <ClCompile Include="client\ChatMessage.cpp">
      <Filter>Source Files</Filter>
    </ClCompile>
    <ClCompile Include="client\Client.cpp">
      <Filter>Source Files</Filter>
    </ClCompile>
    <ClCompile Include="client\ClientManager.cpp">
      <Filter>Source Files</Filter>
    </ClCompile>
    <ClCompile Include="client\ConnectionManager.cpp">
      <Filter>Source Files</Filter>
    </ClCompile>
    <ClCompile Include="client\CryptoManager.cpp">
      <Filter>Source Files</Filter>
    </ClCompile>
    <ClCompile Include="client\DCPlusPlus.cpp">
      <Filter>Source Files</Filter>
    </ClCompile>
    <ClCompile Include="client\DirectoryListing.cpp">
      <Filter>Source Files</Filter>
    </ClCompile>
    <ClCompile Include="client\Download.cpp">
      <Filter>Source Files</Filter>
    </ClCompile>
    <ClCompile Include="client\DownloadManager.cpp">
      <Filter>Source Files</Filter>
    </ClCompile>
    <ClCompile Include="client\Encoder.cpp">
      <Filter>Source Files</Filter>
    </ClCompile>
    <ClCompile Include="client\FavoriteManager.cpp">
      <Filter>Source Files</Filter>
    </ClCompile>
    <ClCompile Include="client\File.cpp">
      <Filter>Source Files</Filter>
    </ClCompile>
    <ClCompile Include="client\FinishedManager.cpp">
      <Filter>Source Files</Filter>
    </ClCompile>
    <ClCompile Include="client\HashBloom.cpp">
      <Filter>Source Files</Filter>
    </ClCompile>
    <ClCompile Include="client\HashManager.cpp">
      <Filter>Source Files</Filter>
    </ClCompile>
    <ClCompile Include="client\HighlightManager.cpp">
      <Filter>Source Files</Filter>
    </ClCompile>
    <ClCompile Include="client\HttpConnection.cpp">
      <Filter>Source Files</Filter>
    </ClCompile>
    <ClCompile Include="client\NmdcHub.cpp">
      <Filter>Source Files</Filter>
    </ClCompile>
    <ClCompile Include="client\pme.cpp">
      <Filter>Source Files</Filter>
    </ClCompile>
    <ClCompile Include="client\QueueItem.cpp">
      <Filter>Source Files</Filter>
    </ClCompile>
    <ClCompile Include="client\QueueManager.cpp">
      <Filter>Source Files</Filter>
    </ClCompile>
    <ClCompile Include="client\ResourceManager.cpp">
      <Filter>Source Files</Filter>
    </ClCompile>
    <ClCompile Include="client\SearchManager.cpp">
      <Filter>Source Files</Filter>
    </ClCompile>
    <ClCompile Include="client\SearchQueue.cpp">
      <Filter>Source Files</Filter>
    </ClCompile>
    <ClCompile Include="client\SearchResult.cpp">
      <Filter>Source Files</Filter>
    </ClCompile>
    <ClCompile Include="client\ServerSocket.cpp">
      <Filter>Source Files</Filter>
    </ClCompile>
    <ClCompile Include="client\SettingsManager.cpp">
      <Filter>Source Files</Filter>
    </ClCompile>
    <ClCompile Include="client\ShareManager.cpp">
      <Filter>Source Files</Filter>
    </ClCompile>
    <ClCompile Include="client\SimpleXML.cpp">
      <Filter>Source Files</Filter>
    </ClCompile>
    <ClCompile Include="client\SimpleXMLReader.cpp">
      <Filter>Source Files</Filter>
    </ClCompile>
    <ClCompile Include="client\Socket.cpp">
      <Filter>Source Files</Filter>
    </ClCompile>
    <ClCompile Include="client\SSL.cpp">
      <Filter>Source Files</Filter>
    </ClCompile>
    <ClCompile Include="client\SSLSocket.cpp">
      <Filter>Source Files</Filter>
    </ClCompile>
    <ClCompile Include="client\stdinc.cpp">
      <Filter>Source Files</Filter>
    </ClCompile>
    <ClCompile Include="client\StringDefs.cpp">
      <Filter>Source Files</Filter>
    </ClCompile>
    <ClCompile Include="client\Text.cpp">
      <Filter>Source Files</Filter>
    </ClCompile>
    <ClCompile Include="client\Thread.cpp">
      <Filter>Source Files</Filter>
    </ClCompile>
    <ClCompile Include="client\TigerHash.cpp">
      <Filter>Source Files</Filter>
    </ClCompile>
    <ClCompile Include="client\TimerManager.cpp">
      <Filter>Source Files</Filter>
    </ClCompile>
    <ClCompile Include="client\TraceManager.cpp">
      <Filter>Source Files</Filter>
    </ClCompile>
    <ClCompile Include="client\Transfer.cpp">
      <Filter>Source Files</Filter>
    </ClCompile>
    <ClCompile Include="client\Upload.cpp">
      <Filter>Source Files</Filter>
    </ClCompile>
    <ClCompile Include="client\UploadManager.cpp">
      <Filter>Source Files</Filter>
    </ClCompile>
    <ClCompile Include="client\User.cpp">
      <Filter>Source Files</Filter>
    </ClCompile>
    <ClCompile Include="client\UserCommand.cpp">
      <Filter>Source Files</Filter>
    </ClCompile>
    <ClCompile Include="client\UserConnection.cpp">
      <Filter>Source Files</Filter>
    </ClCompile>
    <ClCompile Include="client\Util.cpp">
      <Filter>Source Files</Filter>
    </ClCompile>
    <ClCompile Include="client\Wildcards.cpp">
      <Filter>Source Files</Filter>
    </ClCompile>
    <ClCompile Include="client\ZUtils.cpp">
      <Filter>Source Files</Filter>
    </ClCompile>
    <ClCompile Include="client\ConnectivityManager.cpp">
      <Filter>Source Files</Filter>
    </ClCompile>
    <ClCompile Include="client\SFVReader.cpp">
      <Filter>Source Files</Filter>
    </ClCompile>
    <ClCompile Include="client\SharedFileStream.cpp">
      <Filter>Source Files</Filter>
    </ClCompile>
    <ClCompile Include="client\Mapper.cpp">
      <Filter>Source Files</Filter>
    </ClCompile>
    <ClCompile Include="client\MappingManager.cpp">
      <Filter>Source Files</Filter>
    </ClCompile>
    <ClCompile Include="client\CID.cpp">
      <Filter>Source Files</Filter>
    </ClCompile>
    <ClCompile Include="client\AirUtil.cpp">
      <Filter>Source Files</Filter>
    </ClCompile>
    <ClCompile Include="client\Bundle.cpp">
      <Filter>Source Files</Filter>
    </ClCompile>
    <ClCompile Include="client\UploadBundle.cpp">
      <Filter>Source Files</Filter>
    </ClCompile>
    <ClCompile Include="client\ShareScannerManager.cpp">
      <Filter>Source Files</Filter>
    </ClCompile>
    <ClCompile Include="client\FileReader.cpp">
      <Filter>Source Files</Filter>
    </ClCompile>
    <ClCompile Include="client\BundleQueue.cpp">
      <Filter>Source Files</Filter>
    </ClCompile>
    <ClCompile Include="client\UserQueue.cpp">
      <Filter>Source Files</Filter>
    </ClCompile>
    <ClCompile Include="client\FileQueue.cpp">
      <Filter>Source Files</Filter>
    </ClCompile>
  </ItemGroup>
  <ItemGroup>
    <ClInclude Include="client\AdcCommand.h">
      <Filter>Header Files</Filter>
    </ClInclude>
    <ClInclude Include="client\AdcHub.h">
      <Filter>Header Files</Filter>
    </ClInclude>
    <ClInclude Include="client\ADLSearch.h">
      <Filter>Header Files</Filter>
    </ClInclude>
    <ClInclude Include="client\BitInputStream.h">
      <Filter>Header Files</Filter>
    </ClInclude>
    <ClInclude Include="client\BitOutputStream.h">
      <Filter>Header Files</Filter>
    </ClInclude>
    <ClInclude Include="client\BloomFilter.h">
      <Filter>Header Files</Filter>
    </ClInclude>
    <ClInclude Include="client\BufferedSocket.h">
      <Filter>Header Files</Filter>
    </ClInclude>
    <ClInclude Include="client\BufferedSocketListener.h">
      <Filter>Header Files</Filter>
    </ClInclude>
    <ClInclude Include="client\BZUtils.h">
      <Filter>Header Files</Filter>
    </ClInclude>
    <ClInclude Include="client\ChatMessage.h">
      <Filter>Header Files</Filter>
    </ClInclude>
    <ClInclude Include="client\CID.h">
      <Filter>Header Files</Filter>
    </ClInclude>
    <ClInclude Include="client\Client.h">
      <Filter>Header Files</Filter>
    </ClInclude>
    <ClInclude Include="client\ClientListener.h">
      <Filter>Header Files</Filter>
    </ClInclude>
    <ClInclude Include="client\ClientManager.h">
      <Filter>Header Files</Filter>
    </ClInclude>
    <ClInclude Include="client\ClientManagerListener.h">
      <Filter>Header Files</Filter>
    </ClInclude>
    <ClInclude Include="client\ColorSettings.h">
      <Filter>Header Files</Filter>
    </ClInclude>
    <ClInclude Include="client\ConnectionManager.h">
      <Filter>Header Files</Filter>
    </ClInclude>
    <ClInclude Include="client\ConnectionManagerListener.h">
      <Filter>Header Files</Filter>
    </ClInclude>
    <ClInclude Include="client\CryptoManager.h">
      <Filter>Header Files</Filter>
    </ClInclude>
    <ClInclude Include="client\DCPlusPlus.h">
      <Filter>Header Files</Filter>
    </ClInclude>
    <ClInclude Include="client\DebugManager.h">
      <Filter>Header Files</Filter>
    </ClInclude>
    <ClInclude Include="client\DirectoryListing.h">
      <Filter>Header Files</Filter>
    </ClInclude>
    <ClInclude Include="client\Download.h">
      <Filter>Header Files</Filter>
    </ClInclude>
    <ClInclude Include="client\DownloadManager.h">
      <Filter>Header Files</Filter>
    </ClInclude>
    <ClInclude Include="client\DownloadManagerListener.h">
      <Filter>Header Files</Filter>
    </ClInclude>
    <ClInclude Include="client\Encoder.h">
      <Filter>Header Files</Filter>
    </ClInclude>
    <ClInclude Include="client\Exception.h">
      <Filter>Header Files</Filter>
    </ClInclude>
    <ClInclude Include="client\FastAlloc.h">
      <Filter>Header Files</Filter>
    </ClInclude>
    <ClInclude Include="client\FavHubGroup.h">
      <Filter>Header Files</Filter>
    </ClInclude>
    <ClInclude Include="client\FavoriteManager.h">
      <Filter>Header Files</Filter>
    </ClInclude>
    <ClInclude Include="client\FavoriteManagerListener.h">
      <Filter>Header Files</Filter>
    </ClInclude>
    <ClInclude Include="client\FavoriteUser.h">
      <Filter>Header Files</Filter>
    </ClInclude>
    <ClInclude Include="client\File.h">
      <Filter>Header Files</Filter>
    </ClInclude>
    <ClInclude Include="client\FilteredFile.h">
      <Filter>Header Files</Filter>
    </ClInclude>
    <ClInclude Include="client\FinishedManager.h">
      <Filter>Header Files</Filter>
    </ClInclude>
    <ClInclude Include="client\FinishedManagerListener.h">
      <Filter>Header Files</Filter>
    </ClInclude>
    <ClInclude Include="client\Flags.h">
      <Filter>Header Files</Filter>
    </ClInclude>
    <ClInclude Include="client\forward.h">
      <Filter>Header Files</Filter>
    </ClInclude>
    <ClInclude Include="client\HashBloom.h">
      <Filter>Header Files</Filter>
    </ClInclude>
    <ClInclude Include="client\HashManager.h">
      <Filter>Header Files</Filter>
    </ClInclude>
    <ClInclude Include="client\HashValue.h">
      <Filter>Header Files</Filter>
    </ClInclude>
    <ClInclude Include="client\HighlightManager.h">
      <Filter>Header Files</Filter>
    </ClInclude>
    <ClInclude Include="client\HttpConnection.h">
      <Filter>Header Files</Filter>
    </ClInclude>
    <ClInclude Include="client\HubEntry.h">
      <Filter>Header Files</Filter>
    </ClInclude>
    <ClInclude Include="client\LogManager.h">
      <Filter>Header Files</Filter>
    </ClInclude>
    <ClInclude Include="client\MerkleCheckOutputStream.h">
      <Filter>Header Files</Filter>
    </ClInclude>
    <ClInclude Include="client\MerkleTree.h">
      <Filter>Header Files</Filter>
    </ClInclude>
    <ClInclude Include="client\NmdcHub.h">
      <Filter>Header Files</Filter>
    </ClInclude>
    <ClInclude Include="client\pme.h">
      <Filter>Header Files</Filter>
    </ClInclude>
    <ClInclude Include="client\Pointer.h">
      <Filter>Header Files</Filter>
    </ClInclude>
    <ClInclude Include="client\QueueItem.h">
      <Filter>Header Files</Filter>
    </ClInclude>
    <ClInclude Include="client\QueueManager.h">
      <Filter>Header Files</Filter>
    </ClInclude>
    <ClInclude Include="client\QueueManagerListener.h">
      <Filter>Header Files</Filter>
    </ClInclude>
    <ClInclude Include="client\ResourceManager.h">
      <Filter>Header Files</Filter>
    </ClInclude>
    <ClInclude Include="client\SearchManager.h">
      <Filter>Header Files</Filter>
    </ClInclude>
    <ClInclude Include="client\SearchManagerListener.h">
      <Filter>Header Files</Filter>
    </ClInclude>
    <ClInclude Include="client\SearchQueue.h">
      <Filter>Header Files</Filter>
    </ClInclude>
    <ClInclude Include="client\SearchResult.h">
      <Filter>Header Files</Filter>
    </ClInclude>
    <ClInclude Include="client\Segment.h">
      <Filter>Header Files</Filter>
    </ClInclude>
    <ClInclude Include="client\Semaphore.h">
      <Filter>Header Files</Filter>
    </ClInclude>
    <ClInclude Include="client\ServerSocket.h">
      <Filter>Header Files</Filter>
    </ClInclude>
    <ClInclude Include="client\SettingsManager.h">
      <Filter>Header Files</Filter>
    </ClInclude>
    <ClInclude Include="client\ShareManager.h">
      <Filter>Header Files</Filter>
    </ClInclude>
    <ClInclude Include="client\SimpleXML.h">
      <Filter>Header Files</Filter>
    </ClInclude>
    <ClInclude Include="client\SimpleXMLReader.h">
      <Filter>Header Files</Filter>
    </ClInclude>
    <ClInclude Include="client\Singleton.h">
      <Filter>Header Files</Filter>
    </ClInclude>
    <ClInclude Include="client\Socket.h">
      <Filter>Header Files</Filter>
    </ClInclude>
    <ClInclude Include="client\Speaker.h">
      <Filter>Header Files</Filter>
    </ClInclude>
    <ClInclude Include="client\SSL.h">
      <Filter>Header Files</Filter>
    </ClInclude>
    <ClInclude Include="client\SSLSocket.h">
      <Filter>Header Files</Filter>
    </ClInclude>
    <ClInclude Include="client\stdinc.h">
      <Filter>Header Files</Filter>
    </ClInclude>
    <ClInclude Include="client\Streams.h">
      <Filter>Header Files</Filter>
    </ClInclude>
    <ClInclude Include="client\StringSearch.h">
      <Filter>Header Files</Filter>
    </ClInclude>
    <ClInclude Include="client\StringTokenizer.h">
      <Filter>Header Files</Filter>
    </ClInclude>
    <ClInclude Include="client\TaskQueue.h">
      <Filter>Header Files</Filter>
    </ClInclude>
    <ClInclude Include="client\Text.h">
      <Filter>Header Files</Filter>
    </ClInclude>
    <ClInclude Include="client\Thread.h">
      <Filter>Header Files</Filter>
    </ClInclude>
    <ClInclude Include="client\TigerHash.h">
      <Filter>Header Files</Filter>
    </ClInclude>
    <ClInclude Include="client\TimerManager.h">
      <Filter>Header Files</Filter>
    </ClInclude>
    <ClInclude Include="client\TraceManager.h">
      <Filter>Header Files</Filter>
    </ClInclude>
    <ClInclude Include="client\Transfer.h">
      <Filter>Header Files</Filter>
    </ClInclude>
    <ClInclude Include="client\Upload.h">
      <Filter>Header Files</Filter>
    </ClInclude>
    <ClInclude Include="client\UploadManager.h">
      <Filter>Header Files</Filter>
    </ClInclude>
    <ClInclude Include="client\UploadManagerListener.h">
      <Filter>Header Files</Filter>
    </ClInclude>
    <ClInclude Include="client\User.h">
      <Filter>Header Files</Filter>
    </ClInclude>
    <ClInclude Include="client\UserCommand.h">
      <Filter>Header Files</Filter>
    </ClInclude>
    <ClInclude Include="client\UserConnection.h">
      <Filter>Header Files</Filter>
    </ClInclude>
    <ClInclude Include="client\UserConnectionListener.h">
      <Filter>Header Files</Filter>
    </ClInclude>
    <ClInclude Include="client\UserInfoBase.h">
      <Filter>Header Files</Filter>
    </ClInclude>
    <ClInclude Include="client\Util.h">
      <Filter>Header Files</Filter>
    </ClInclude>
    <ClInclude Include="client\version.h">
      <Filter>Header Files</Filter>
    </ClInclude>
    <ClInclude Include="client\Wildcards.h">
      <Filter>Header Files</Filter>
    </ClInclude>
    <ClInclude Include="client\ZUtils.h">
      <Filter>Header Files</Filter>
    </ClInclude>
    <ClInclude Include="client\ConnectivityManager.h">
      <Filter>Header Files</Filter>
    </ClInclude>
    <ClInclude Include="client\SFVReader.h">
      <Filter>Header Files</Filter>
    </ClInclude>
    <ClInclude Include="client\SharedFileStream.h">
      <Filter>Header Files</Filter>
    </ClInclude>
    <ClInclude Include="client\noexcept.h">
      <Filter>Header Files</Filter>
    </ClInclude>
    <ClInclude Include="client\typedefs.h">
      <Filter>Header Files</Filter>
    </ClInclude>
    <ClInclude Include="client\HintedUser.h">
      <Filter>Header Files</Filter>
    </ClInclude>
    <ClInclude Include="client\Mapper.h">
      <Filter>Header Files</Filter>
    </ClInclude>
    <ClInclude Include="client\MappingManager.h">
      <Filter>Header Files</Filter>
    </ClInclude>
    <ClInclude Include="client\OnlineUser.h">
      <Filter>Header Files</Filter>
    </ClInclude>
    <ClInclude Include="client\ScopedFunctor.h">
      <Filter>Header Files</Filter>
    </ClInclude>
    <ClInclude Include="client\compiler.h">
      <Filter>Header Files</Filter>
    </ClInclude>
    <ClInclude Include="client\debug.h">
      <Filter>Header Files</Filter>
    </ClInclude>
    <ClInclude Include="client\w.h">
      <Filter>Header Files</Filter>
    </ClInclude>
    <ClInclude Include="windows\ResourceLoader.h">
      <Filter>Header Files</Filter>
    </ClInclude>
    <ClInclude Include="client\AirUtil.h">
      <Filter>Header Files</Filter>
    </ClInclude>
    <ClInclude Include="client\Bundle.h">
      <Filter>Header Files</Filter>
    </ClInclude>
    <ClInclude Include="client\UploadBundle.h">
      <Filter>Header Files</Filter>
    </ClInclude>
    <ClInclude Include="client\ShareScannerManager.h">
      <Filter>Header Files</Filter>
    </ClInclude>
    <ClInclude Include="client\AutosearchManagerListener.h">
      <Filter>Header Files</Filter>
    </ClInclude>
    <ClInclude Include="client\AutoSearchManager.h">
      <Filter>Header Files</Filter>
    </ClInclude>
    <ClInclude Include="client\GetSet.h">
      <Filter>Header Files</Filter>
    </ClInclude>
    <ClInclude Include="client\MerkleTreeOutputStream.h">
      <Filter>Header Files</Filter>
    </ClInclude>
    <ClInclude Include="client\FileReader.h">
      <Filter>Header Files</Filter>
    </ClInclude>
    <ClInclude Include="client\BundleQueue.h">
      <Filter>Header Files</Filter>
    </ClInclude>
    <ClInclude Include="client\UserQueue.h">
      <Filter>Header Files</Filter>
    </ClInclude>
    <ClInclude Include="client\FileQueue.h">
      <Filter>Header Files</Filter>
    </ClInclude>
    <ClInclude Include="client\atomic.h">
      <Filter>Header Files</Filter>
    </ClInclude>
  </ItemGroup>
  <ItemGroup>
    <CustomBuild Include="client\StringDefs.h">
      <Filter>Header Files</Filter>
    </CustomBuild>
  </ItemGroup>
  <ItemGroup>
    <None Include="client\version.h.template">
      <Filter>Header Files</Filter>
    </None>
  </ItemGroup>
</Project>