<?xml version="1.0" encoding="utf-8"?>
<Project ToolsVersion="4.0" xmlns="http://schemas.microsoft.com/developer/msbuild/2003">
  <ItemGroup>
    <Filter Include="Resource Files">
      <UniqueIdentifier>{d914c728-4e22-4add-a528-bf985b8874be}</UniqueIdentifier>
      <Extensions>ico;cur;bmp;dlg;rc2;rct;bin;rgs;gif;jpg;jpeg;jpe</Extensions>
    </Filter>
    <Filter Include="Source Files">
      <UniqueIdentifier>{4db6b674-5792-422d-9df0-81fcbee258a4}</UniqueIdentifier>
      <Extensions>cpp;c;cxx;rc;def;r;odl;idl;hpj;bat</Extensions>
    </Filter>
    <Filter Include="Header Files">
      <UniqueIdentifier>{2079b3b9-c42c-4ed8-bee4-774099c88f6d}</UniqueIdentifier>
      <Extensions>h;hpp;hxx;hm;inl</Extensions>
    </Filter>
    <Filter Include="Documentation">
      <UniqueIdentifier>{b9d2b053-2b0c-4986-a8c7-969f08e4a4b7}</UniqueIdentifier>
      <Extensions>txt</Extensions>
    </Filter>
  </ItemGroup>
  <ItemGroup>
    <None Include="res\AirDCPlusPlus.ico">
      <Filter>Resource Files</Filter>
    </None>
    <None Include="res\arrows.bmp">
      <Filter>Resource Files</Filter>
    </None>
    <None Include="res\bitmap1.bmp">
      <Filter>Resource Files</Filter>
    </None>
    <None Include="res\bra.ico">
      <Filter>Resource Files</Filter>
    </None>
    <None Include="res\CDM.ico">
      <Filter>Resource Files</Filter>
    </None>
    <None Include="res\dan.ico">
      <Filter>Resource Files</Filter>
    </None>
    <None Include="res\Directory.ico">
      <Filter>Resource Files</Filter>
    </None>
    <None Include="res\emoticon.bmp">
      <Filter>Resource Files</Filter>
    </None>
    <None Include="res\eng.ico">
      <Filter>Resource Files</Filter>
    </None>
    <None Include="res\fav.bmp">
      <Filter>Resource Files</Filter>
    </None>
    <None Include="res\fin.ico">
      <Filter>Resource Files</Filter>
    </None>
    <None Include="res\flags.bmp">
      <Filter>Resource Files</Filter>
    </None>
    <None Include="res\folders.bmp">
      <Filter>Resource Files</Filter>
    </None>
    <None Include="res\fr.ico">
      <Filter>Resource Files</Filter>
    </None>
    <None Include="res\holland.ico">
      <Filter>Resource Files</Filter>
    </None>
    <None Include="res\Hub.ico">
      <Filter>Resource Files</Filter>
    </None>
    <None Include="res\HubOff.ico">
      <Filter>Resource Files</Filter>
    </None>
    <None Include="res\HubOp.ico">
      <Filter>Resource Files</Filter>
    </None>
    <None Include="res\HubReg.ico">
      <Filter>Resource Files</Filter>
    </None>
    <None Include="res\hun.ico">
      <Filter>Resource Files</Filter>
    </None>
    <None Include="res\ita.ico">
      <Filter>Resource Files</Filter>
    </None>
    <None Include="res\magnet.ico">
      <Filter>Resource Files</Filter>
    </None>
    <None Include="res\nor.ico">
      <Filter>Resource Files</Filter>
    </None>
    <None Include="res\o_otools.bmp">
      <Filter>Resource Files</Filter>
    </None>
    <None Include="res\o_settings_dlg.bmp">
      <Filter>Resource Files</Filter>
    </None>
    <None Include="res\PM.ico">
      <Filter>Resource Files</Filter>
    </None>
    <None Include="res\pol.ico">
      <Filter>Resource Files</Filter>
    </None>
    <None Include="res\ro.ico">
      <Filter>Resource Files</Filter>
    </None>
    <None Include="res\rus.ico">
      <Filter>Resource Files</Filter>
    </None>
    <None Include="res\search_icons.bmp">
      <Filter>Resource Files</Filter>
    </None>
    <None Include="res\settings_dlg.bmp">
      <Filter>Resource Files</Filter>
    </None>
    <None Include="res\sounds.ico">
      <Filter>Resource Files</Filter>
    </None>
    <None Include="res\speeds.bmp">
      <Filter>Resource Files</Filter>
    </None>
    <None Include="res\state.bmp">
      <Filter>Resource Files</Filter>
    </None>
    <None Include="res\stop.ico">
      <Filter>Resource Files</Filter>
    </None>
    <None Include="res\stop_ikona.ico">
      <Filter>Resource Files</Filter>
    </None>
    <None Include="res\StrongDC.ico">
      <Filter>Resource Files</Filter>
    </None>
    <None Include="res\swe.ico">
      <Filter>Resource Files</Filter>
    </None>
    <None Include="res\toolbar.bmp">
      <Filter>Resource Files</Filter>
    </None>
    <None Include="res\toolbar20-highlight.bmp">
      <Filter>Resource Files</Filter>
    </None>
    <None Include="res\toolbar20.bmp">
      <Filter>Resource Files</Filter>
    </None>
    <None Include="res\transfer_compressed.ico">
      <Filter>Resource Files</Filter>
    </None>
    <None Include="res\transfer_segmented.ico">
      <Filter>Resource Files</Filter>
    </None>
    <None Include="res\transfer_tree.ico">
      <Filter>Resource Files</Filter>
    </None>
    <None Include="res\TreeNo.ico">
      <Filter>Resource Files</Filter>
    </None>
    <None Include="res\TreeYes.ico">
      <Filter>Resource Files</Filter>
    </None>
    <None Include="res\Update.ico">
      <Filter>Resource Files</Filter>
    </None>
    <None Include="res\User.ico">
      <Filter>Resource Files</Filter>
    </None>
    <None Include="res\UserOff.ico">
      <Filter>Resource Files</Filter>
    </None>
    <None Include="res\users.bmp">
      <Filter>Resource Files</Filter>
    </None>
    <None Include="res\Winamp_logo.ico">
      <Filter>Resource Files</Filter>
    </None>
    <None Include="res\WinampControl.bmp">
      <Filter>Resource Files</Filter>
    </None>
    <None Include="changelog.txt">
      <Filter>Documentation</Filter>
    </None>
    <None Include="Compile.txt">
      <Filter>Documentation</Filter>
    </None>
    <None Include="Extensions.txt">
      <Filter>Documentation</Filter>
    </None>
    <None Include="res\GERM.ico">
      <Filter>Resource Files</Filter>
    </None>
    <None Include="res\message.ico">
      <Filter>Resource Files</Filter>
    </None>
    <None Include="res\emoticon.png" />
    <None Include="res\Exec.ico">
      <Filter>Resource Files</Filter>
    </None>
    <None Include="res\ToolbarImages\ADLSearch.ico">
      <Filter>Resource Files</Filter>
    </None>
    <None Include="res\ToolbarImages\Clock.ico">
      <Filter>Resource Files</Filter>
    </None>
    <None Include="res\ToolbarImages\Favorites.ico">
      <Filter>Resource Files</Filter>
    </None>
    <None Include="res\ToolbarImages\FinishedDL.ico">
      <Filter>Resource Files</Filter>
    </None>
    <None Include="res\ToolbarImages\FinishedUL.ico">
      <Filter>Resource Files</Filter>
    </None>
    <None Include="res\ToolbarImages\PublicHubs.ico">
      <Filter>Resource Files</Filter>
    </None>
    <None Include="res\ToolbarImages\Queue.ico">
      <Filter>Resource Files</Filter>
    </None>
    <None Include="res\ToolbarImages\Recents.ico">
      <Filter>Resource Files</Filter>
    </None>
    <None Include="res\ToolbarImages\Reconnect.ico">
      <Filter>Resource Files</Filter>
    </None>
    <None Include="res\ToolbarImages\Refresh.ico">
      <Filter>Resource Files</Filter>
    </None>
    <None Include="res\ToolbarImages\Search.ico">
      <Filter>Resource Files</Filter>
    </None>
    <None Include="res\ToolbarImages\SearchSpy.ico">
      <Filter>Resource Files</Filter>
    </None>
    <None Include="res\ToolbarImages\Settings.ico">
      <Filter>Resource Files</Filter>
    </None>
    <None Include="res\ToolbarImages\Exit.ico">
      <Filter>Resource Files</Filter>
    </None>
    <None Include="res\ToolbarImages\NetStats.ico">
      <Filter>Resource Files</Filter>
    </None>
    <None Include="res\ToolbarImages\Follow.ico">
      <Filter>Resource Files</Filter>
    </None>
    <None Include="res\ToolbarImages\FavoriteUser.ico">
      <Filter>Resource Files</Filter>
    </None>
    <None Include="res\ToolbarImages\OpenFileList.ico">
      <Filter>Resource Files</Filter>
    </None>
    <None Include="res\ToolbarImages\Notepad.ico">
      <Filter>Resource Files</Filter>
    </None>
    <None Include="res\ToolbarImages\OpenDLDir.ico">
      <Filter>Resource Files</Filter>
    </None>
    <None Include="res\ToolbarImages\SystemLog.ico">
      <Filter>Resource Files</Filter>
    </None>
    <None Include="res\ToolbarImages\uQueue.ico">
      <Filter>Resource Files</Filter>
    </None>
    <None Include="res\ToolbarImages\ScanMissing.ico">
      <Filter>Resource Files</Filter>
    </None>
    <None Include="res\ToolbarImages\AutoSearch.ico">
      <Filter>Resource Files</Filter>
    </None>
  </ItemGroup>
  <ItemGroup>
    <ResourceCompile Include="AirDC.rc">
      <Filter>Resource Files</Filter>
    </ResourceCompile>
  </ItemGroup>
  <ItemGroup>
    <ClCompile Include="windows\ADLSearchFrame.cpp">
      <Filter>Source Files</Filter>
    </ClCompile>
    <ClCompile Include="windows\ADLSProperties.cpp">
      <Filter>Source Files</Filter>
    </ClCompile>
    <ClCompile Include="windows\AdvancedPage.cpp">
      <Filter>Source Files</Filter>
    </ClCompile>
    <ClCompile Include="windows\AirAppearancePage.cpp">
      <Filter>Source Files</Filter>
    </ClCompile>
    <ClCompile Include="windows\AirDCPage.cpp">
      <Filter>Source Files</Filter>
    </ClCompile>
    <ClCompile Include="windows\AirDownloadsPage.cpp">
      <Filter>Source Files</Filter>
    </ClCompile>
    <ClCompile Include="windows\AirSharingPage.cpp">
      <Filter>Source Files</Filter>
    </ClCompile>
    <ClCompile Include="windows\AppearancePage.cpp">
      <Filter>Source Files</Filter>
    </ClCompile>
    <ClCompile Include="windows\AutosearchDlg.cpp">
      <Filter>Source Files</Filter>
    </ClCompile>
    <ClCompile Include="windows\AVIPreview.cpp">
      <Filter>Source Files</Filter>
    </ClCompile>
    <ClCompile Include="windows\BarShader.cpp">
      <Filter>Source Files</Filter>
    </ClCompile>
    <ClCompile Include="windows\CDMDebugFrame.cpp">
      <Filter>Source Files</Filter>
    </ClCompile>
    <ClCompile Include="windows\CertificatesPage.cpp">
      <Filter>Source Files</Filter>
    </ClCompile>
    <ClCompile Include="windows\ChatCtrl.cpp">
      <Filter>Source Files</Filter>
    </ClCompile>
    <ClCompile Include="windows\CommandDlg.cpp">
      <Filter>Source Files</Filter>
    </ClCompile>
    <ClCompile Include="windows\DirectoryListingFrm.cpp">
      <Filter>Source Files</Filter>
    </ClCompile>
    <ClCompile Include="windows\DownloadPage.cpp">
      <Filter>Source Files</Filter>
    </ClCompile>
    <ClCompile Include="windows\EmoticonsDlg.cpp">
      <Filter>Source Files</Filter>
    </ClCompile>
    <ClCompile Include="windows\ExListViewCtrl.cpp">
      <Filter>Source Files</Filter>
    </ClCompile>
    <ClCompile Include="windows\ExtendedTrace.cpp">
      <Filter>Source Files</Filter>
    </ClCompile>
    <ClCompile Include="windows\FavHubGroupsDlg.cpp">
      <Filter>Source Files</Filter>
    </ClCompile>
    <ClCompile Include="windows\FavHubProperties.cpp">
      <Filter>Source Files</Filter>
    </ClCompile>
    <ClCompile Include="windows\FavoritesFrm.cpp">
      <Filter>Source Files</Filter>
    </ClCompile>
    <ClCompile Include="windows\FolderTree.cpp">
      <Filter>Source Files</Filter>
    </ClCompile>
    <ClCompile Include="windows\FulHighlightDialog.cpp">
      <Filter>Source Files</Filter>
    </ClCompile>
    <ClCompile Include="windows\FulHighlightPage.cpp">
      <Filter>Source Files</Filter>
    </ClCompile>
    <ClCompile Include="windows\FulTabsPage.cpp">
      <Filter>Source Files</Filter>
    </ClCompile>
    <ClCompile Include="windows\GeneralPage.cpp">
      <Filter>Source Files</Filter>
    </ClCompile>
    <ClCompile Include="windows\HubFrame.cpp">
      <Filter>Source Files</Filter>
    </ClCompile>
    <ClCompile Include="windows\IgnoreManager.cpp">
      <Filter>Source Files</Filter>
    </ClCompile>
    <ClCompile Include="windows\IgnorePage.cpp">
      <Filter>Source Files</Filter>
    </ClCompile>
    <ClCompile Include="windows\ImageDataObject.cpp">
      <Filter>Source Files</Filter>
    </ClCompile>
    <ClCompile Include="windows\InputBox.cpp">
      <Filter>Source Files</Filter>
    </ClCompile>
    <ClCompile Include="windows\LineDlg.cpp">
      <Filter>Source Files</Filter>
    </ClCompile>
    <ClCompile Include="windows\LogPage.cpp">
      <Filter>Source Files</Filter>
    </ClCompile>
    <ClCompile Include="windows\MagnetDlg.cpp">
      <Filter>Source Files</Filter>
    </ClCompile>
    <ClCompile Include="windows\main.cpp">
      <Filter>Source Files</Filter>
    </ClCompile>
    <ClCompile Include="windows\MainFrm.cpp">
      <Filter>Source Files</Filter>
    </ClCompile>
    <ClCompile Include="windows\NetworkPage.cpp">
      <Filter>Source Files</Filter>
    </ClCompile>
    <ClCompile Include="windows\NotepadFrame.cpp">
      <Filter>Source Files</Filter>
    </ClCompile>
    <ClCompile Include="windows\OMenu.cpp">
      <Filter>Source Files</Filter>
    </ClCompile>
    <ClCompile Include="windows\OperaColorsPage.cpp">
      <Filter>Source Files</Filter>
    </ClCompile>
    <ClCompile Include="windows\PopupManager.cpp">
      <Filter>Source Files</Filter>
    </ClCompile>
    <ClCompile Include="windows\Popups.cpp">
      <Filter>Source Files</Filter>
    </ClCompile>
    <ClCompile Include="windows\PreviewDlg.cpp">
      <Filter>Source Files</Filter>
    </ClCompile>
    <ClCompile Include="windows\PrivateFrame.cpp">
      <Filter>Source Files</Filter>
    </ClCompile>
    <ClCompile Include="windows\PropertiesDlg.cpp">
      <Filter>Source Files</Filter>
    </ClCompile>
    <ClCompile Include="windows\PropPage.cpp">
      <Filter>Source Files</Filter>
    </ClCompile>
    <ClCompile Include="windows\PropPageTextStyles.cpp">
      <Filter>Source Files</Filter>
    </ClCompile>
    <ClCompile Include="windows\PublicHubsFrm.cpp">
      <Filter>Source Files</Filter>
    </ClCompile>
    <ClCompile Include="windows\QueueFrame.cpp">
      <Filter>Source Files</Filter>
    </ClCompile>
    <ClCompile Include="windows\RecentsFrm.cpp">
      <Filter>Source Files</Filter>
    </ClCompile>
    <ClCompile Include="windows\SDCPage.cpp">
      <Filter>Source Files</Filter>
    </ClCompile>
    <ClCompile Include="windows\SearchFrm.cpp">
      <Filter>Source Files</Filter>
    </ClCompile>
    <ClCompile Include="windows\SharePage.cpp">
      <Filter>Source Files</Filter>
    </ClCompile>
    <ClCompile Include="windows\ShellContextMenu.cpp">
      <Filter>Source Files</Filter>
    </ClCompile>
    <ClCompile Include="windows\Sounds.cpp">
      <Filter>Source Files</Filter>
    </ClCompile>
    <ClCompile Include="windows\SpyFrame.cpp">
      <Filter>Source Files</Filter>
    </ClCompile>
    <ClCompile Include="windows\StatsFrame.cpp">
      <Filter>Source Files</Filter>
    </ClCompile>
    <ClCompile Include="windows\stdafx.cpp">
      <Filter>Source Files</Filter>
    </ClCompile>
    <ClCompile Include="windows\SystemFrame.cpp">
      <Filter>Source Files</Filter>
    </ClCompile>
    <ClCompile Include="windows\TextFrame.cpp">
      <Filter>Source Files</Filter>
    </ClCompile>
    <ClCompile Include="windows\toolbarpage.cpp">
      <Filter>Source Files</Filter>
    </ClCompile>
    <ClCompile Include="windows\TransferView.cpp">
      <Filter>Source Files</Filter>
    </ClCompile>
    <ClCompile Include="windows\TreePropertySheet.cpp">
      <Filter>Source Files</Filter>
    </ClCompile>
    <ClCompile Include="windows\UCPage.cpp">
      <Filter>Source Files</Filter>
    </ClCompile>
    <ClCompile Include="windows\UpdateDlg.cpp">
      <Filter>Source Files</Filter>
    </ClCompile>
    <ClCompile Include="windows\UserListColours.cpp">
      <Filter>Source Files</Filter>
    </ClCompile>
    <ClCompile Include="windows\UsersFrame.cpp">
      <Filter>Source Files</Filter>
    </ClCompile>
    <ClCompile Include="windows\WindowsPage.cpp">
      <Filter>Source Files</Filter>
    </ClCompile>
    <ClCompile Include="windows\WinUtil.cpp">
      <Filter>Source Files</Filter>
    </ClCompile>
    <ClCompile Include="windows\WMPlayerRemoteApi.cpp">
      <Filter>Source Files</Filter>
    </ClCompile>
    <ClCompile Include="windows\EmoticonsManager.cpp">
      <Filter>Source Files</Filter>
    </ClCompile>
    <ClCompile Include="windows\Wizard.cpp">
      <Filter>Source Files</Filter>
    </ClCompile>
    <ClCompile Include="windows\iTunesCOMInterface_i.c">
      <Filter>Source Files</Filter>
    </ClCompile>
    <ClCompile Include="windows\SpeedPage.cpp">
      <Filter>Source Files</Filter>
    </ClCompile>
    <ClCompile Include="windows\DirectoryListingDlg.cpp">
      <Filter>Source Files</Filter>
    </ClCompile>
    <ClCompile Include="windows\UploadQueueFrame.cpp">
      <Filter>Source Files</Filter>
    </ClCompile>
    <ClCompile Include="windows\PriorityPage.cpp">
      <Filter>Source Files</Filter>
    </ClCompile>
    <ClCompile Include="windows\AutoSearchFrm.cpp">
      <Filter>Source Files</Filter>
    </ClCompile>
    <ClCompile Include="windows\SearchPage.cpp">
      <Filter>Source Files</Filter>
    </ClCompile>
    <ClCompile Include="windows\WebShortcutsProperties.cpp">
      <Filter>Source Files</Filter>
    </ClCompile>
    <ClCompile Include="windows\AboutDlg.cpp">
      <Filter>Source Files</Filter>
    </ClCompile>
    <ClCompile Include="windows\FavoriteDirDlg.cpp">
      <Filter>Source Files</Filter>
    </ClCompile>
    <ClCompile Include="windows\LocationsPage.cpp">
      <Filter>Source Files</Filter>
    </ClCompile>
    <ClCompile Include="windows\Players.cpp">
      <Filter>Source Files</Filter>
    </ClCompile>
  </ItemGroup>
  <ItemGroup>
    <ClInclude Include="windows\AboutDlg.h">
      <Filter>Header Files</Filter>
    </ClInclude>
    <ClInclude Include="windows\ADLSearchFrame.h">
      <Filter>Header Files</Filter>
    </ClInclude>
    <ClInclude Include="windows\ADLSProperties.h">
      <Filter>Header Files</Filter>
    </ClInclude>
    <ClInclude Include="windows\AdvancedPage.h">
      <Filter>Header Files</Filter>
    </ClInclude>
    <ClInclude Include="windows\AirAppearancePage.h">
      <Filter>Header Files</Filter>
    </ClInclude>
    <ClInclude Include="windows\AirDCPage.h">
      <Filter>Header Files</Filter>
    </ClInclude>
    <ClInclude Include="windows\AirDownloadsPage.h">
      <Filter>Header Files</Filter>
    </ClInclude>
    <ClInclude Include="windows\AirSharingPage.h">
      <Filter>Header Files</Filter>
    </ClInclude>
    <ClInclude Include="windows\AppearancePage.h">
      <Filter>Header Files</Filter>
    </ClInclude>
    <ClInclude Include="windows\AutosearchDlg.h">
      <Filter>Header Files</Filter>
    </ClInclude>
    <ClInclude Include="windows\AVIPreview.h">
      <Filter>Header Files</Filter>
    </ClInclude>
    <ClInclude Include="windows\BarShader.h">
      <Filter>Header Files</Filter>
    </ClInclude>
    <ClInclude Include="windows\CDMDebugFrame.h">
      <Filter>Header Files</Filter>
    </ClInclude>
    <ClInclude Include="windows\CertificatesPage.h">
      <Filter>Header Files</Filter>
    </ClInclude>
    <ClInclude Include="windows\ChatCtrl.h">
      <Filter>Header Files</Filter>
    </ClInclude>
    <ClInclude Include="windows\CommandDlg.h">
      <Filter>Header Files</Filter>
    </ClInclude>
    <ClInclude Include="windows\DimEdit.h">
      <Filter>Header Files</Filter>
    </ClInclude>
    <ClInclude Include="windows\DownloadPage.h">
      <Filter>Header Files</Filter>
    </ClInclude>
    <ClInclude Include="windows\EmoticonsDlg.h">
      <Filter>Header Files</Filter>
    </ClInclude>
    <ClInclude Include="windows\ExListViewCtrl.h">
      <Filter>Header Files</Filter>
    </ClInclude>
    <ClInclude Include="windows\ExtendedTrace.h">
      <Filter>Header Files</Filter>
    </ClInclude>
    <ClInclude Include="windows\FavHubGroupsDlg.h">
      <Filter>Header Files</Filter>
    </ClInclude>
    <ClInclude Include="windows\FavHubProperties.h">
      <Filter>Header Files</Filter>
    </ClInclude>
    <ClInclude Include="windows\FavoritesFrm.h">
      <Filter>Header Files</Filter>
    </ClInclude>
    <ClInclude Include="windows\FinishedFrame.h">
      <Filter>Header Files</Filter>
    </ClInclude>
    <ClInclude Include="windows\FinishedFrameBase.h">
      <Filter>Header Files</Filter>
    </ClInclude>
    <ClInclude Include="windows\FinishedULFrame.h">
      <Filter>Header Files</Filter>
    </ClInclude>
    <ClInclude Include="windows\FlatTabCtrl.h">
      <Filter>Header Files</Filter>
    </ClInclude>
    <ClInclude Include="windows\FolderTree.h">
      <Filter>Header Files</Filter>
    </ClInclude>
    <ClInclude Include="windows\FulHighlightDialog.h">
      <Filter>Header Files</Filter>
    </ClInclude>
    <ClInclude Include="windows\FulHighlightPage.h">
      <Filter>Header Files</Filter>
    </ClInclude>
    <ClInclude Include="windows\FulTabsPage.h">
      <Filter>Header Files</Filter>
    </ClInclude>
    <ClInclude Include="windows\GeneralPage.h">
      <Filter>Header Files</Filter>
    </ClInclude>
    <ClInclude Include="windows\HashProgressDlg.h">
      <Filter>Header Files</Filter>
    </ClInclude>
    <ClInclude Include="windows\HubFrame.h">
      <Filter>Header Files</Filter>
    </ClInclude>
    <ClInclude Include="windows\IgnoreManager.h">
      <Filter>Header Files</Filter>
    </ClInclude>
    <ClInclude Include="windows\IgnorePage.h">
      <Filter>Header Files</Filter>
    </ClInclude>
    <ClInclude Include="windows\ImageDataObject.h">
      <Filter>Header Files</Filter>
    </ClInclude>
    <ClInclude Include="windows\InputBox.h">
      <Filter>Header Files</Filter>
    </ClInclude>
    <ClInclude Include="windows\LineDlg.h">
      <Filter>Header Files</Filter>
    </ClInclude>
    <ClInclude Include="windows\ListViewArrows.h">
      <Filter>Header Files</Filter>
    </ClInclude>
    <ClInclude Include="windows\LogPage.h">
      <Filter>Header Files</Filter>
    </ClInclude>
    <ClInclude Include="windows\MagnetDlg.h">
      <Filter>Header Files</Filter>
    </ClInclude>
    <ClInclude Include="windows\MainFrm.h">
      <Filter>Header Files</Filter>
    </ClInclude>
    <ClInclude Include="windows\memdc.h">
      <Filter>Header Files</Filter>
    </ClInclude>
    <ClInclude Include="windows\NetworkPage.h">
      <Filter>Header Files</Filter>
    </ClInclude>
    <ClInclude Include="windows\NotepadFrame.h">
      <Filter>Header Files</Filter>
    </ClInclude>
    <ClInclude Include="windows\OMenu.h">
      <Filter>Header Files</Filter>
    </ClInclude>
    <ClInclude Include="windows\OperaColorsPage.h">
      <Filter>Header Files</Filter>
    </ClInclude>
    <ClInclude Include="windows\ParamDlg.h">
      <Filter>Header Files</Filter>
    </ClInclude>
    <ClInclude Include="windows\Players.h">
      <Filter>Header Files</Filter>
    </ClInclude>
    <ClInclude Include="windows\PopupDlg.h">
      <Filter>Header Files</Filter>
    </ClInclude>
    <ClInclude Include="windows\PopupManager.h">
      <Filter>Header Files</Filter>
    </ClInclude>
    <ClInclude Include="windows\Popups.h">
      <Filter>Header Files</Filter>
    </ClInclude>
    <ClInclude Include="windows\PreviewDlg.h">
      <Filter>Header Files</Filter>
    </ClInclude>
    <ClInclude Include="windows\PrivateFrame.h">
      <Filter>Header Files</Filter>
    </ClInclude>
    <ClInclude Include="windows\PropertiesDlg.h">
      <Filter>Header Files</Filter>
    </ClInclude>
    <ClInclude Include="windows\PropPage.h">
      <Filter>Header Files</Filter>
    </ClInclude>
    <ClInclude Include="windows\PropPageTextStyles.h">
      <Filter>Header Files</Filter>
    </ClInclude>
    <ClInclude Include="windows\PublicHubsFrm.h">
      <Filter>Header Files</Filter>
    </ClInclude>
    <ClInclude Include="windows\PublicHubsListDlg.h">
      <Filter>Header Files</Filter>
    </ClInclude>
    <ClInclude Include="windows\QueueFrame.h">
      <Filter>Header Files</Filter>
    </ClInclude>
    <ClInclude Include="windows\RecentsFrm.h">
      <Filter>Header Files</Filter>
    </ClInclude>
    <ClInclude Include="windows\resource.h">
      <Filter>Header Files</Filter>
    </ClInclude>
    <ClInclude Include="windows\SDCPage.h">
      <Filter>Header Files</Filter>
    </ClInclude>
    <ClInclude Include="windows\SearchFrm.h">
      <Filter>Header Files</Filter>
    </ClInclude>
    <ClInclude Include="windows\SharePage.h">
      <Filter>Header Files</Filter>
    </ClInclude>
    <ClInclude Include="windows\ShellContextMenu.h">
      <Filter>Header Files</Filter>
    </ClInclude>
    <ClInclude Include="windows\SingleInstance.h">
      <Filter>Header Files</Filter>
    </ClInclude>
    <ClInclude Include="windows\Sounds.h">
      <Filter>Header Files</Filter>
    </ClInclude>
    <ClInclude Include="windows\SpyFrame.h">
      <Filter>Header Files</Filter>
    </ClInclude>
    <ClInclude Include="windows\StatsFrame.h">
      <Filter>Header Files</Filter>
    </ClInclude>
    <ClInclude Include="windows\stdafx.h">
      <Filter>Header Files</Filter>
    </ClInclude>
    <ClInclude Include="windows\SystemFrame.h">
      <Filter>Header Files</Filter>
    </ClInclude>
    <ClInclude Include="windows\TextFrame.h">
      <Filter>Header Files</Filter>
    </ClInclude>
    <ClInclude Include="windows\ToolbarPage.h">
      <Filter>Header Files</Filter>
    </ClInclude>
    <ClInclude Include="windows\TransferView.h">
      <Filter>Header Files</Filter>
    </ClInclude>
    <ClInclude Include="windows\TreePropertySheet.h">
      <Filter>Header Files</Filter>
    </ClInclude>
    <ClInclude Include="windows\TypedListViewCtrl.h">
      <Filter>Header Files</Filter>
    </ClInclude>
    <ClInclude Include="windows\UCHandler.h">
      <Filter>Header Files</Filter>
    </ClInclude>
    <ClInclude Include="windows\UCPage.h">
      <Filter>Header Files</Filter>
    </ClInclude>
    <ClInclude Include="windows\UpdateDlg.h">
      <Filter>Header Files</Filter>
    </ClInclude>
    <ClInclude Include="windows\UserListColours.h">
      <Filter>Header Files</Filter>
    </ClInclude>
    <ClInclude Include="windows\UsersFrame.h">
      <Filter>Header Files</Filter>
    </ClInclude>
    <ClInclude Include="windows\Winamp.h">
      <Filter>Header Files</Filter>
    </ClInclude>
    <ClInclude Include="windows\WindowsPage.h">
      <Filter>Header Files</Filter>
    </ClInclude>
    <ClInclude Include="windows\WinUtil.h">
      <Filter>Header Files</Filter>
    </ClInclude>
    <ClInclude Include="windows\WMPlayerRemoteApi.h">
      <Filter>Header Files</Filter>
    </ClInclude>
    <ClInclude Include="windows\EmoticonsManager.h">
      <Filter>Header Files</Filter>
    </ClInclude>
    <ClInclude Include="windows\Wizard.h">
      <Filter>Header Files</Filter>
    </ClInclude>
    <ClInclude Include="windows\iTunesCOMInterface.h">
      <Filter>Header Files</Filter>
    </ClInclude>
    <ClInclude Include="windows\SpeedPage.h">
      <Filter>Header Files</Filter>
    </ClInclude>
    <ClInclude Include="windows\DirectoryListingFrm.h">
      <Filter>Header Files</Filter>
    </ClInclude>
    <ClInclude Include="windows\DirectoryListingDlg.h">
      <Filter>Header Files</Filter>
    </ClInclude>
    <ClInclude Include="windows\UploadQueueFrame.h">
      <Filter>Header Files</Filter>
    </ClInclude>
    <ClInclude Include="windows\PriorityPage.h">
      <Filter>Header Files</Filter>
    </ClInclude>
    <ClInclude Include="windows\AutoSearchFrm.h">
      <Filter>Header Files</Filter>
    </ClInclude>
    <ClInclude Include="windows\SearchPage.h">
      <Filter>Header Files</Filter>
    </ClInclude>
    <ClInclude Include="windows\WebShortcutsProperties.h">
      <Filter>Header Files</Filter>
    </ClInclude>
    <ClInclude Include="windows\FavoriteDirDlg.h">
      <Filter>Header Files</Filter>
    </ClInclude>
    <ClInclude Include="windows\LocationsPage.h">
      <Filter>Header Files</Filter>
    </ClInclude>
    <ClInclude Include="windows\TempShare_dlg.h">
      <Filter>Header Files</Filter>
    </ClInclude>
    <ClInclude Include="windows\CSplitterEx.h">
      <Filter>Header Files</Filter>
    </ClInclude>
    <ClInclude Include="windows\MenuBaseHandlers.h">
      <Filter>Header Files</Filter>
    </ClInclude>
  </ItemGroup>
</Project>